
Microsoft Visual Studio Solution File, Format Version 12.00
# Visual Studio 14
VisualStudioVersion = 14.0.24720.0
MinimumVisualStudioVersion = 10.0.40219.1
Project("{FAE04EC0-301F-11D3-BF4B-00C04F79EFBC}") = "SpEventReceiver", "SpEventReceiver\SpEventReceiver.csproj", "{A314D6E3-84B3-4648-9B25-1937263FD1AC}"
EndProject
Global
	GlobalSection(SolutionConfigurationPlatforms) = preSolution
		Debug|Any CPU = Debug|Any CPU
		Release|Any CPU = Release|Any CPU
	EndGlobalSection
	GlobalSection(ProjectConfigurationPlatforms) = postSolution
		{A314D6E3-84B3-4648-9B25-1937263FD1AC}.Debug|Any CPU.ActiveCfg = Debug|Any CPU
		{A314D6E3-84B3-4648-9B25-1937263FD1AC}.Debug|Any CPU.Build.0 = Debug|Any CPU
		{A314D6E3-84B3-4648-9B25-1937263FD1AC}.Debug|Any CPU.Deploy.0 = Debug|Any CPU
		{A314D6E3-84B3-4648-9B25-1937263FD1AC}.Release|Any CPU.ActiveCfg = Release|Any CPU
		{A314D6E3-84B3-4648-9B25-1937263FD1AC}.Release|Any CPU.Build.0 = Release|Any CPU
		{A314D6E3-84B3-4648-9B25-1937263FD1AC}.Release|Any CPU.Deploy.0 = Release|Any CPU
	EndGlobalSection
	GlobalSection(SolutionProperties) = preSolution
		HideSolutionNode = FALSE
	EndGlobalSection
EndGlobal
